// !$*UTF8*$!
{
	archiveVersion = 1;
	classes = {
	};
	objectVersion = 50;
	objects = {

/* Begin PBXGroup section */
		C0059F2C28AC3F8B007ED2DC = {
			isa = PBXGroup;
			children = (
			);
			sourceTree = "<group>";
		};
/* End PBXGroup section */

/* Begin PBXProject section */
		C0059F2D28AC3F8B007ED2DC /* Project object */ = {
			isa = PBXProject;
			attributes = {
				LastUpgradeCheck = 1240;
			};
			buildConfigurationList = C0059F3028AC3F8B007ED2DC /* Build configuration list for PBXProject "Audio Playground" */;
			compatibilityVersion = "Xcode 9.3";
			developmentRegion = en;
			hasScannedForEncodings = 0;
			knownRegions = (
				en,
				Base,
			);
			mainGroup = C0059F2C28AC3F8B007ED2DC;
			projectDirPath = "";
			projectRoot = "";
			targets = (
			);
		};
/* End PBXProject section */

/* Begin XCBuildConfiguration section */
		C0059F3128AC3F8B007ED2DC /* Debug */ = {
			isa = XCBuildConfiguration;
			buildSettings = {
			};
			name = Debug;
		};
		C0059F3228AC3F8B007ED2DC /* Release */ = {
			isa = XCBuildConfiguration;
			buildSettings = {
			};
			name = Release;
		};
/* End XCBuildConfiguration section */

/* Begin XCConfigurationList section */
		C0059F3028AC3F8B007ED2DC /* Build configuration list for PBXProject "Audio Playground" */ = {
			isa = XCConfigurationList;
			buildConfigurations = (
				C0059F3128AC3F8B007ED2DC /* Debug */,
				C0059F3228AC3F8B007ED2DC /* Release */,
			);
			defaultConfigurationIsVisible = 0;
			defaultConfigurationName = Release;
		};
/* End XCConfigurationList section */
	};
	rootObject = C0059F2D28AC3F8B007ED2DC /* Project object */;
}
